{
  "object": {
    "pins": [
      {
        "package": "MathLib",
        "repositoryURL": "https://github.com/forkercat/MathLib.git",
        "state": {
          "branch": "main",
          "revision": "439fa720cd73b285f9109dc12c4d781847e5f502",
          "version": null
        }
      },
      {
        "package": "MothECS",
        "repositoryURL": "https://github.com/forkercat/MothECS.git",
        "state": {
          "branch": "main",
          "revision": "f954455d8aece6b4d0ec9ca9b3960d9360b3eb98",
          "version": null
        }
      },
      {
        "package": "OhMyLog",
        "repositoryURL": "https://github.com/forkercat/OhMyLog.git",
        "state": {
          "branch": "main",
          "revision": "73a0a39360caca125af38eeb2a7045592e2268e4",
          "version": null
        }
      },
      {
        "package": "ImGui",
        "repositoryURL": "https://github.com/forkercat/SwiftImGui.git",
        "state": {
          "branch": "update-1.86-docking",
          "revision": "336ee0c6649149a2199dc44b7c5f8e5ca1fc0abd",
          "version": null
        }
      },
      {
        "package": "ImGuizmo",
        "repositoryURL": "https://github.com/forkercat/SwiftImGuizmo.git",
        "state": {
          "branch": "master",
          "revision": "b94f9e4c84f5f0769ba721dac6842e37074f81f9",
          "version": null
        }
      }
    ]
  },
  "version": 1
}
