{
  "object": {
    "pins": [
      {
        "package": "CGLFW3",
        "repositoryURL": "https://github.com/forkercat/CGLFW3.git",
        "state": {
          "branch": "main",
          "revision": "8895107b44bbb5c7f7f991713d585b8f990d4650",
          "version": null
        }
      },
      {
        "package": "MathLib",
        "repositoryURL": "https://github.com/forkercat/MathLib.git",
        "state": {
          "branch": "main",
          "revision": "9f1997c908e7918543776d5a75bb6116abeda4a3",
          "version": null
        }
      },
      {
        "package": "OhMyLog",
        "repositoryURL": "https://github.com/forkercat/OhMyLog.git",
        "state": {
          "branch": "main",
          "revision": "73a0a39360caca125af38eeb2a7045592e2268e4",
          "version": null
        }
      },
      {
        "package": "ImGui",
        "repositoryURL": "https://github.com/forkercat/SwiftImGui.git",
        "state": {
          "branch": "update-1.86-docking",
          "revision": "336ee0c6649149a2199dc44b7c5f8e5ca1fc0abd",
          "version": null
        }
      }
    ]
  },
  "version": 1
}
